// !$*UTF8*$!
{
	archiveVersion = 1;
	classes = {
	};
	objectVersion = 48;
	objects = {

/* Begin PBXBuildFile section */
		04D9989421EAFD6DB8D964F6 /* Pods_AlamofireDemo.framework in Frameworks */ = {isa = PBXBuildFile; fileRef = 2D8F35B9099E8CFAA5010748 /* Pods_AlamofireDemo.framework */; };
		69306A9D202463B900BDFAC8 /* UIView+String.swift in Sources */ = {isa = PBXBuildFile; fileRef = 69306A9C202463B900BDFAC8 /* UIView+String.swift */; };
		69996B9820200BEC00BE5F67 /* AppDelegate.swift in Sources */ = {isa = PBXBuildFile; fileRef = 69996B9720200BEC00BE5F67 /* AppDelegate.swift */; };
		69996B9A20200BEC00BE5F67 /* ViewController.swift in Sources */ = {isa = PBXBuildFile; fileRef = 69996B9920200BEC00BE5F67 /* ViewController.swift */; };
		69996B9D20200BEC00BE5F67 /* Main.storyboard in Resources */ = {isa = PBXBuildFile; fileRef = 69996B9B20200BEC00BE5F67 /* Main.storyboard */; };
		69996B9F20200BEC00BE5F67 /* Assets.xcassets in Resources */ = {isa = PBXBuildFile; fileRef = 69996B9E20200BEC00BE5F67 /* Assets.xcassets */; };
		69996BA220200BED00BE5F67 /* LaunchScreen.storyboard in Resources */ = {isa = PBXBuildFile; fileRef = 69996BA020200BED00BE5F67 /* LaunchScreen.storyboard */; };
		69996BAD20200BED00BE5F67 /* AlamofireDemoTests.swift in Sources */ = {isa = PBXBuildFile; fileRef = 69996BAC20200BED00BE5F67 /* AlamofireDemoTests.swift */; };
		69996BB820200BED00BE5F67 /* AlamofireDemoUITests.swift in Sources */ = {isa = PBXBuildFile; fileRef = 69996BB720200BED00BE5F67 /* AlamofireDemoUITests.swift */; };
		69996BC520200CA400BE5F67 /* Alamofire.framework in Frameworks */ = {isa = PBXBuildFile; fileRef = 69996BC620200CA400BE5F67 /* Alamofire.framework */; };
		69996BCB20201FE700BE5F67 /* DSBaseController.swift in Sources */ = {isa = PBXBuildFile; fileRef = 69996BCA20201FE700BE5F67 /* DSBaseController.swift */; };
		69996BCD2020200500BE5F67 /* DSNavigationController.swift in Sources */ = {isa = PBXBuildFile; fileRef = 69996BCC2020200500BE5F67 /* DSNavigationController.swift */; };
		69996BCF2020204300BE5F67 /* DSTabBarController.swift in Sources */ = {isa = PBXBuildFile; fileRef = 69996BCE2020204300BE5F67 /* DSTabBarController.swift */; };
		69996BD12020348F00BE5F67 /* UIColor+Extension.swift in Sources */ = {isa = PBXBuildFile; fileRef = 69996BD02020348F00BE5F67 /* UIColor+Extension.swift */; };
		69996BD32020365B00BE5F67 /* UIView+Extension.swift in Sources */ = {isa = PBXBuildFile; fileRef = 69996BD22020365B00BE5F67 /* UIView+Extension.swift */; };
		69996BD52020404100BE5F67 /* UIFont+Extension.swift in Sources */ = {isa = PBXBuildFile; fileRef = 69996BD42020404100BE5F67 /* UIFont+Extension.swift */; };
		69996BD7202044E900BE5F67 /* DSConfig.swift in Sources */ = {isa = PBXBuildFile; fileRef = 69996BD6202044E900BE5F67 /* DSConfig.swift */; };
		69996BD92020460B00BE5F67 /* DSConst.swift in Sources */ = {isa = PBXBuildFile; fileRef = 69996BD82020460B00BE5F67 /* DSConst.swift */; };
		69996BDD2020585E00BE5F67 /* DSHttpManager.swift in Sources */ = {isa = PBXBuildFile; fileRef = 69996BDC2020585E00BE5F67 /* DSHttpManager.swift */; };
		69996BDF20206BC300BE5F67 /* DSPlayViewController.swift in Sources */ = {isa = PBXBuildFile; fileRef = 69996BDE20206BC300BE5F67 /* DSPlayViewController.swift */; };
		69996BE82021761800BE5F67 /* UITabBar+CustomBadge.m in Sources */ = {isa = PBXBuildFile; fileRef = 69996BE62021761800BE5F67 /* UITabBar+CustomBadge.m */; };
		69996BF02022B9D200BE5F67 /* DSHomeController.swift in Sources */ = {isa = PBXBuildFile; fileRef = 69996BEF2022B9D200BE5F67 /* DSHomeController.swift */; };
		69996BF32022BA6100BE5F67 /* UINavigationController+FullscreenPopGesture.m in Sources */ = {isa = PBXBuildFile; fileRef = 69996BF22022BA6100BE5F67 /* UINavigationController+FullscreenPopGesture.m */; };
		69996BF52022BC9A00BE5F67 /* DSProfileController.swift in Sources */ = {isa = PBXBuildFile; fileRef = 69996BF42022BC9A00BE5F67 /* DSProfileController.swift */; };
		69996BF82022E68B00BE5F67 /* DSButton.swift in Sources */ = {isa = PBXBuildFile; fileRef = 69996BF72022E68B00BE5F67 /* DSButton.swift */; };
		69996BFB2023133900BE5F67 /* DSMovieViewModel.swift in Sources */ = {isa = PBXBuildFile; fileRef = 69996BFA2023133900BE5F67 /* DSMovieViewModel.swift */; };
		69996C052023F55100BE5F67 /* UIView+Loading.m in Sources */ = {isa = PBXBuildFile; fileRef = 69996C042023F55100BE5F67 /* UIView+Loading.m */; };
		69996C082023F6AB00BE5F67 /* UIView+Block.m in Sources */ = {isa = PBXBuildFile; fileRef = 69996C072023F6AB00BE5F67 /* UIView+Block.m */; };
		69996C0B2023F82400BE5F67 /* UIControl+Block.m in Sources */ = {isa = PBXBuildFile; fileRef = 69996C0A2023F82400BE5F67 /* UIControl+Block.m */; };
		69996C14202457A900BE5F67 /* MBHUD.bundle in Resources */ = {isa = PBXBuildFile; fileRef = 69996C0F202457A900BE5F67 /* MBHUD.bundle */; };
		69996C15202457A900BE5F67 /* MBProgressHUD+iShare.m in Sources */ = {isa = PBXBuildFile; fileRef = 69996C11202457A900BE5F67 /* MBProgressHUD+iShare.m */; };
		69996C1920245F2A00BE5F67 /* DSHomeCell.swift in Sources */ = {isa = PBXBuildFile; fileRef = 69996C1720245F2A00BE5F67 /* DSHomeCell.swift */; };
		69996C1A20245F2A00BE5F67 /* DSHomeCell.xib in Resources */ = {isa = PBXBuildFile; fileRef = 69996C1820245F2A00BE5F67 /* DSHomeCell.xib */; };
		AB3683002026AFD7003408D7 /* DSHomeModel.swift in Sources */ = {isa = PBXBuildFile; fileRef = AB3682F72026AFD6003408D7 /* DSHomeModel.swift */; };
		AB3683012026AFD7003408D7 /* DSAlertModel.swift in Sources */ = {isa = PBXBuildFile; fileRef = AB3682F82026AFD6003408D7 /* DSAlertModel.swift */; };
		AB3683022026AFD7003408D7 /* DSAdmobModel.swift in Sources */ = {isa = PBXBuildFile; fileRef = AB3682F92026AFD6003408D7 /* DSAdmobModel.swift */; };
		AB3683032026AFD7003408D7 /* DSAdModel.swift in Sources */ = {isa = PBXBuildFile; fileRef = AB3682FA2026AFD7003408D7 /* DSAdModel.swift */; };
		AB3683042026AFD7003408D7 /* DSBannerModel.swift in Sources */ = {isa = PBXBuildFile; fileRef = AB3682FB2026AFD7003408D7 /* DSBannerModel.swift */; };
		AB3683052026AFD7003408D7 /* DSKdsModel.swift in Sources */ = {isa = PBXBuildFile; fileRef = AB3682FC2026AFD7003408D7 /* DSKdsModel.swift */; };
		AB3683062026AFD7003408D7 /* DSActModel.swift in Sources */ = {isa = PBXBuildFile; fileRef = AB3682FD2026AFD7003408D7 /* DSActModel.swift */; };
		AB3683072026AFD7003408D7 /* DSConfigModel.swift in Sources */ = {isa = PBXBuildFile; fileRef = AB3682FE2026AFD7003408D7 /* DSConfigModel.swift */; };
		AB3683082026AFD7003408D7 /* DSListModel.swift in Sources */ = {isa = PBXBuildFile; fileRef = AB3682FF2026AFD7003408D7 /* DSListModel.swift */; };
		ABB5B5B82026DDB300430C7B /* NSError+Message.m in Sources */ = {isa = PBXBuildFile; fileRef = ABB5B5B72026DDB300430C7B /* NSError+Message.m */; };
		ABB5B5BA2026ECEF00430C7B /* DSCategoryModel.swift in Sources */ = {isa = PBXBuildFile; fileRef = ABB5B5B92026ECEF00430C7B /* DSCategoryModel.swift */; };
		ABB5B5BD2026F6FE00430C7B /* DSCategoryCell.swift in Sources */ = {isa = PBXBuildFile; fileRef = ABB5B5BB2026F6FE00430C7B /* DSCategoryCell.swift */; };
		ABB5B5BE2026F6FE00430C7B /* DSCategoryCell.xib in Resources */ = {isa = PBXBuildFile; fileRef = ABB5B5BC2026F6FE00430C7B /* DSCategoryCell.xib */; };
		ABB5B5C12026FF5C00430C7B /* DSPlayerController.swift in Sources */ = {isa = PBXBuildFile; fileRef = ABB5B5BF2026FF5C00430C7B /* DSPlayerController.swift */; };
		ABB5B5C22026FF5C00430C7B /* DSPlayerController.xib in Resources */ = {isa = PBXBuildFile; fileRef = ABB5B5C02026FF5C00430C7B /* DSPlayerController.xib */; };
/* End PBXBuildFile section */

/* Begin PBXContainerItemProxy section */
		69996BA920200BED00BE5F67 /* PBXContainerItemProxy */ = {
			isa = PBXContainerItemProxy;
			containerPortal = 69996B8C20200BEC00BE5F67 /* Project object */;
			proxyType = 1;
			remoteGlobalIDString = 69996B9320200BEC00BE5F67;
			remoteInfo = AlamofireDemo;
		};
		69996BB420200BED00BE5F67 /* PBXContainerItemProxy */ = {
			isa = PBXContainerItemProxy;
			containerPortal = 69996B8C20200BEC00BE5F67 /* Project object */;
			proxyType = 1;
			remoteGlobalIDString = 69996B9320200BEC00BE5F67;
			remoteInfo = AlamofireDemo;
		};
/* End PBXContainerItemProxy section */

/* Begin PBXFileReference section */
		02FFE811888612B10F86AB41 /* Pods_AlamofireDemoUITests.framework */ = {isa = PBXFileReference; explicitFileType = wrapper.framework; includeInIndex = 0; path = Pods_AlamofireDemoUITests.framework; sourceTree = BUILT_PRODUCTS_DIR; };
		2D8F35B9099E8CFAA5010748 /* Pods_AlamofireDemo.framework */ = {isa = PBXFileReference; explicitFileType = wrapper.framework; includeInIndex = 0; path = Pods_AlamofireDemo.framework; sourceTree = BUILT_PRODUCTS_DIR; };
		69306A9C202463B900BDFAC8 /* UIView+String.swift */ = {isa = PBXFileReference; lastKnownFileType = sourcecode.swift; path = "UIView+String.swift"; sourceTree = "<group>"; };
		69996B9420200BEC00BE5F67 /* AlamofireDemo.app */ = {isa = PBXFileReference; explicitFileType = wrapper.application; includeInIndex = 0; path = AlamofireDemo.app; sourceTree = BUILT_PRODUCTS_DIR; };
		69996B9720200BEC00BE5F67 /* AppDelegate.swift */ = {isa = PBXFileReference; lastKnownFileType = sourcecode.swift; path = AppDelegate.swift; sourceTree = "<group>"; };
		69996B9920200BEC00BE5F67 /* ViewController.swift */ = {isa = PBXFileReference; lastKnownFileType = sourcecode.swift; path = ViewController.swift; sourceTree = "<group>"; };
		69996B9C20200BEC00BE5F67 /* Base */ = {isa = PBXFileReference; lastKnownFileType = file.storyboard; name = Base; path = Base.lproj/Main.storyboard; sourceTree = "<group>"; };
		69996B9E20200BEC00BE5F67 /* Assets.xcassets */ = {isa = PBXFileReference; lastKnownFileType = folder.assetcatalog; path = Assets.xcassets; sourceTree = "<group>"; };
		69996BA120200BED00BE5F67 /* Base */ = {isa = PBXFileReference; lastKnownFileType = file.storyboard; name = Base; path = Base.lproj/LaunchScreen.storyboard; sourceTree = "<group>"; };
		69996BA320200BED00BE5F67 /* Info.plist */ = {isa = PBXFileReference; lastKnownFileType = text.plist.xml; path = Info.plist; sourceTree = "<group>"; };
		69996BA820200BED00BE5F67 /* AlamofireDemoTests.xctest */ = {isa = PBXFileReference; explicitFileType = wrapper.cfbundle; includeInIndex = 0; path = AlamofireDemoTests.xctest; sourceTree = BUILT_PRODUCTS_DIR; };
		69996BAC20200BED00BE5F67 /* AlamofireDemoTests.swift */ = {isa = PBXFileReference; lastKnownFileType = sourcecode.swift; path = AlamofireDemoTests.swift; sourceTree = "<group>"; };
		69996BAE20200BED00BE5F67 /* Info.plist */ = {isa = PBXFileReference; lastKnownFileType = text.plist.xml; path = Info.plist; sourceTree = "<group>"; };
		69996BB320200BED00BE5F67 /* AlamofireDemoUITests.xctest */ = {isa = PBXFileReference; explicitFileType = wrapper.cfbundle; includeInIndex = 0; path = AlamofireDemoUITests.xctest; sourceTree = BUILT_PRODUCTS_DIR; };
		69996BB720200BED00BE5F67 /* AlamofireDemoUITests.swift */ = {isa = PBXFileReference; lastKnownFileType = sourcecode.swift; path = AlamofireDemoUITests.swift; sourceTree = "<group>"; };
		69996BB920200BED00BE5F67 /* Info.plist */ = {isa = PBXFileReference; lastKnownFileType = text.plist.xml; path = Info.plist; sourceTree = "<group>"; };
		69996BC620200CA400BE5F67 /* Alamofire.framework */ = {isa = PBXFileReference; explicitFileType = wrapper.framework; path = Alamofire.framework; sourceTree = BUILT_PRODUCTS_DIR; };
		69996BCA20201FE700BE5F67 /* DSBaseController.swift */ = {isa = PBXFileReference; lastKnownFileType = sourcecode.swift; path = DSBaseController.swift; sourceTree = "<group>"; };
		69996BCC2020200500BE5F67 /* DSNavigationController.swift */ = {isa = PBXFileReference; lastKnownFileType = sourcecode.swift; path = DSNavigationController.swift; sourceTree = "<group>"; };
		69996BCE2020204300BE5F67 /* DSTabBarController.swift */ = {isa = PBXFileReference; lastKnownFileType = sourcecode.swift; path = DSTabBarController.swift; sourceTree = "<group>"; };
		69996BD02020348F00BE5F67 /* UIColor+Extension.swift */ = {isa = PBXFileReference; lastKnownFileType = sourcecode.swift; path = "UIColor+Extension.swift"; sourceTree = "<group>"; };
		69996BD22020365B00BE5F67 /* UIView+Extension.swift */ = {isa = PBXFileReference; lastKnownFileType = sourcecode.swift; path = "UIView+Extension.swift"; sourceTree = "<group>"; };
		69996BD42020404100BE5F67 /* UIFont+Extension.swift */ = {isa = PBXFileReference; lastKnownFileType = sourcecode.swift; path = "UIFont+Extension.swift"; sourceTree = "<group>"; };
		69996BD6202044E900BE5F67 /* DSConfig.swift */ = {isa = PBXFileReference; lastKnownFileType = sourcecode.swift; path = DSConfig.swift; sourceTree = "<group>"; };
		69996BD82020460B00BE5F67 /* DSConst.swift */ = {isa = PBXFileReference; lastKnownFileType = sourcecode.swift; path = DSConst.swift; sourceTree = "<group>"; };
		69996BDC2020585E00BE5F67 /* DSHttpManager.swift */ = {isa = PBXFileReference; lastKnownFileType = sourcecode.swift; path = DSHttpManager.swift; sourceTree = "<group>"; };
		69996BDE20206BC300BE5F67 /* DSPlayViewController.swift */ = {isa = PBXFileReference; lastKnownFileType = sourcecode.swift; path = DSPlayViewController.swift; sourceTree = "<group>"; };
		69996BE52021761700BE5F67 /* AlamofireDemo-Bridging-Header.h */ = {isa = PBXFileReference; lastKnownFileType = sourcecode.c.h; path = "AlamofireDemo-Bridging-Header.h"; sourceTree = "<group>"; };
		69996BE62021761800BE5F67 /* UITabBar+CustomBadge.m */ = {isa = PBXFileReference; fileEncoding = 4; lastKnownFileType = sourcecode.c.objc; path = "UITabBar+CustomBadge.m"; sourceTree = "<group>"; };
		69996BE72021761800BE5F67 /* UITabBar+CustomBadge.h */ = {isa = PBXFileReference; fileEncoding = 4; lastKnownFileType = sourcecode.c.h; path = "UITabBar+CustomBadge.h"; sourceTree = "<group>"; };
		69996BEF2022B9D200BE5F67 /* DSHomeController.swift */ = {isa = PBXFileReference; lastKnownFileType = sourcecode.swift; path = DSHomeController.swift; sourceTree = "<group>"; };
		69996BF12022BA6000BE5F67 /* UINavigationController+FullscreenPopGesture.h */ = {isa = PBXFileReference; fileEncoding = 4; lastKnownFileType = sourcecode.c.h; path = "UINavigationController+FullscreenPopGesture.h"; sourceTree = "<group>"; };
		69996BF22022BA6100BE5F67 /* UINavigationController+FullscreenPopGesture.m */ = {isa = PBXFileReference; fileEncoding = 4; lastKnownFileType = sourcecode.c.objc; path = "UINavigationController+FullscreenPopGesture.m"; sourceTree = "<group>"; };
		69996BF42022BC9A00BE5F67 /* DSProfileController.swift */ = {isa = PBXFileReference; lastKnownFileType = sourcecode.swift; path = DSProfileController.swift; sourceTree = "<group>"; };
		69996BF72022E68B00BE5F67 /* DSButton.swift */ = {isa = PBXFileReference; lastKnownFileType = sourcecode.swift; path = DSButton.swift; sourceTree = "<group>"; };
		69996BFA2023133900BE5F67 /* DSMovieViewModel.swift */ = {isa = PBXFileReference; lastKnownFileType = sourcecode.swift; path = DSMovieViewModel.swift; sourceTree = "<group>"; };
		69996C032023F55100BE5F67 /* UIView+Loading.h */ = {isa = PBXFileReference; lastKnownFileType = sourcecode.c.h; path = "UIView+Loading.h"; sourceTree = "<group>"; };
		69996C042023F55100BE5F67 /* UIView+Loading.m */ = {isa = PBXFileReference; lastKnownFileType = sourcecode.c.objc; path = "UIView+Loading.m"; sourceTree = "<group>"; };
		69996C062023F6AB00BE5F67 /* UIView+Block.h */ = {isa = PBXFileReference; lastKnownFileType = sourcecode.c.h; path = "UIView+Block.h"; sourceTree = "<group>"; };
		69996C072023F6AB00BE5F67 /* UIView+Block.m */ = {isa = PBXFileReference; lastKnownFileType = sourcecode.c.objc; path = "UIView+Block.m"; sourceTree = "<group>"; };
		69996C092023F82400BE5F67 /* UIControl+Block.h */ = {isa = PBXFileReference; lastKnownFileType = sourcecode.c.h; path = "UIControl+Block.h"; sourceTree = "<group>"; };
		69996C0A2023F82400BE5F67 /* UIControl+Block.m */ = {isa = PBXFileReference; lastKnownFileType = sourcecode.c.objc; path = "UIControl+Block.m"; sourceTree = "<group>"; };
		69996C0F202457A900BE5F67 /* MBHUD.bundle */ = {isa = PBXFileReference; lastKnownFileType = "wrapper.plug-in"; path = MBHUD.bundle; sourceTree = "<group>"; };
		69996C10202457A900BE5F67 /* MBProgressHUD+iShare.h */ = {isa = PBXFileReference; fileEncoding = 4; lastKnownFileType = sourcecode.c.h; path = "MBProgressHUD+iShare.h"; sourceTree = "<group>"; };
		69996C11202457A900BE5F67 /* MBProgressHUD+iShare.m */ = {isa = PBXFileReference; fileEncoding = 4; lastKnownFileType = sourcecode.c.objc; path = "MBProgressHUD+iShare.m"; sourceTree = "<group>"; };
		69996C1720245F2A00BE5F67 /* DSHomeCell.swift */ = {isa = PBXFileReference; lastKnownFileType = sourcecode.swift; path = DSHomeCell.swift; sourceTree = "<group>"; };
		69996C1820245F2A00BE5F67 /* DSHomeCell.xib */ = {isa = PBXFileReference; lastKnownFileType = file.xib; path = DSHomeCell.xib; sourceTree = "<group>"; };
		AB3682F62026AB45003408D7 /* index.json */ = {isa = PBXFileReference; lastKnownFileType = text.json; path = index.json; sourceTree = "<group>"; };
		AB3682F72026AFD6003408D7 /* DSHomeModel.swift */ = {isa = PBXFileReference; lastKnownFileType = sourcecode.swift; path = DSHomeModel.swift; sourceTree = "<group>"; };
		AB3682F82026AFD6003408D7 /* DSAlertModel.swift */ = {isa = PBXFileReference; lastKnownFileType = sourcecode.swift; path = DSAlertModel.swift; sourceTree = "<group>"; };
		AB3682F92026AFD6003408D7 /* DSAdmobModel.swift */ = {isa = PBXFileReference; lastKnownFileType = sourcecode.swift; path = DSAdmobModel.swift; sourceTree = "<group>"; };
		AB3682FA2026AFD7003408D7 /* DSAdModel.swift */ = {isa = PBXFileReference; lastKnownFileType = sourcecode.swift; path = DSAdModel.swift; sourceTree = "<group>"; };
		AB3682FB2026AFD7003408D7 /* DSBannerModel.swift */ = {isa = PBXFileReference; lastKnownFileType = sourcecode.swift; path = DSBannerModel.swift; sourceTree = "<group>"; };
		AB3682FC2026AFD7003408D7 /* DSKdsModel.swift */ = {isa = PBXFileReference; lastKnownFileType = sourcecode.swift; path = DSKdsModel.swift; sourceTree = "<group>"; };
		AB3682FD2026AFD7003408D7 /* DSActModel.swift */ = {isa = PBXFileReference; lastKnownFileType = sourcecode.swift; path = DSActModel.swift; sourceTree = "<group>"; };
		AB3682FE2026AFD7003408D7 /* DSConfigModel.swift */ = {isa = PBXFileReference; lastKnownFileType = sourcecode.swift; path = DSConfigModel.swift; sourceTree = "<group>"; };
		AB3682FF2026AFD7003408D7 /* DSListModel.swift */ = {isa = PBXFileReference; lastKnownFileType = sourcecode.swift; path = DSListModel.swift; sourceTree = "<group>"; };
		ABB5B5B62026DDB300430C7B /* NSError+Message.h */ = {isa = PBXFileReference; lastKnownFileType = sourcecode.c.h; path = "NSError+Message.h"; sourceTree = "<group>"; };
		ABB5B5B72026DDB300430C7B /* NSError+Message.m */ = {isa = PBXFileReference; lastKnownFileType = sourcecode.c.objc; path = "NSError+Message.m"; sourceTree = "<group>"; };
		ABB5B5B92026ECEF00430C7B /* DSCategoryModel.swift */ = {isa = PBXFileReference; lastKnownFileType = sourcecode.swift; path = DSCategoryModel.swift; sourceTree = "<group>"; };
		ABB5B5BB2026F6FE00430C7B /* DSCategoryCell.swift */ = {isa = PBXFileReference; lastKnownFileType = sourcecode.swift; path = DSCategoryCell.swift; sourceTree = "<group>"; };
		ABB5B5BC2026F6FE00430C7B /* DSCategoryCell.xib */ = {isa = PBXFileReference; lastKnownFileType = file.xib; path = DSCategoryCell.xib; sourceTree = "<group>"; };
		ABB5B5BF2026FF5C00430C7B /* DSPlayerController.swift */ = {isa = PBXFileReference; lastKnownFileType = sourcecode.swift; path = DSPlayerController.swift; sourceTree = "<group>"; };
		ABB5B5C02026FF5C00430C7B /* DSPlayerController.xib */ = {isa = PBXFileReference; lastKnownFileType = file.xib; path = DSPlayerController.xib; sourceTree = "<group>"; };
		BADD5F98529BFF0BD96D508C /* Pods-AlamofireDemo.debug.xcconfig */ = {isa = PBXFileReference; includeInIndex = 1; lastKnownFileType = text.xcconfig; name = "Pods-AlamofireDemo.debug.xcconfig"; path = "Pods/Target Support Files/Pods-AlamofireDemo/Pods-AlamofireDemo.debug.xcconfig"; sourceTree = "<group>"; };
		C1A6D93CFA99F28F17B1B189 /* Pods_AlamofireDemoTests.framework */ = {isa = PBXFileReference; explicitFileType = wrapper.framework; includeInIndex = 0; path = Pods_AlamofireDemoTests.framework; sourceTree = BUILT_PRODUCTS_DIR; };
		D6A8A1822DA49079422A59FC /* Pods-AlamofireDemo.release.xcconfig */ = {isa = PBXFileReference; includeInIndex = 1; lastKnownFileType = text.xcconfig; name = "Pods-AlamofireDemo.release.xcconfig"; path = "Pods/Target Support Files/Pods-AlamofireDemo/Pods-AlamofireDemo.release.xcconfig"; sourceTree = "<group>"; };
/* End PBXFileReference section */

/* Begin PBXFrameworksBuildPhase section */
		69996B9120200BEC00BE5F67 /* Frameworks */ = {
			isa = PBXFrameworksBuildPhase;
			buildActionMask = 2147483647;
			files = (
				69996BC520200CA400BE5F67 /* Alamofire.framework in Frameworks */,
				04D9989421EAFD6DB8D964F6 /* Pods_AlamofireDemo.framework in Frameworks */,
			);
			runOnlyForDeploymentPostprocessing = 0;
		};
		69996BA520200BED00BE5F67 /* Frameworks */ = {
			isa = PBXFrameworksBuildPhase;
			buildActionMask = 2147483647;
			files = (
			);
			runOnlyForDeploymentPostprocessing = 0;
		};
		69996BB020200BED00BE5F67 /* Frameworks */ = {
			isa = PBXFrameworksBuildPhase;
			buildActionMask = 2147483647;
			files = (
			);
			runOnlyForDeploymentPostprocessing = 0;
		};
/* End PBXFrameworksBuildPhase section */

/* Begin PBXGroup section */
		69996B8B20200BEC00BE5F67 = {
			isa = PBXGroup;
			children = (
				69996B9620200BEC00BE5F67 /* AlamofireDemo */,
				69996BAB20200BED00BE5F67 /* AlamofireDemoTests */,
				69996BB620200BED00BE5F67 /* AlamofireDemoUITests */,
				69996B9520200BEC00BE5F67 /* Products */,
				C8003B7A4E0534DC4A49CF5E /* Pods */,
				797A5E57F8E5A945CEA32F54 /* Frameworks */,
			);
			sourceTree = "<group>";
		};
		69996B9520200BEC00BE5F67 /* Products */ = {
			isa = PBXGroup;
			children = (
				69996B9420200BEC00BE5F67 /* AlamofireDemo.app */,
				69996BA820200BED00BE5F67 /* AlamofireDemoTests.xctest */,
				69996BB320200BED00BE5F67 /* AlamofireDemoUITests.xctest */,
			);
			name = Products;
			sourceTree = "<group>";
		};
		69996B9620200BEC00BE5F67 /* AlamofireDemo */ = {
			isa = PBXGroup;
			children = (
				AB3682F62026AB45003408D7 /* index.json */,
				69996BC720201FA000BE5F67 /* Base */,
				69996BE92022B56F00BE5F67 /* Modules */,
				69996BEA2022B59D00BE5F67 /* Utils */,
				69996BED2022B65300BE5F67 /* AppDelegate */,
				69996B9920200BEC00BE5F67 /* ViewController.swift */,
				69996BE52021761700BE5F67 /* AlamofireDemo-Bridging-Header.h */,
				69996B9B20200BEC00BE5F67 /* Main.storyboard */,
				69996B9E20200BEC00BE5F67 /* Assets.xcassets */,
				69996BA020200BED00BE5F67 /* LaunchScreen.storyboard */,
				69996BA320200BED00BE5F67 /* Info.plist */,
			);
			path = AlamofireDemo;
			sourceTree = "<group>";
		};
		69996BAB20200BED00BE5F67 /* AlamofireDemoTests */ = {
			isa = PBXGroup;
			children = (
				69996BAC20200BED00BE5F67 /* AlamofireDemoTests.swift */,
				69996BAE20200BED00BE5F67 /* Info.plist */,
			);
			path = AlamofireDemoTests;
			sourceTree = "<group>";
		};
		69996BB620200BED00BE5F67 /* AlamofireDemoUITests */ = {
			isa = PBXGroup;
			children = (
				69996BB720200BED00BE5F67 /* AlamofireDemoUITests.swift */,
				69996BB920200BED00BE5F67 /* Info.plist */,
			);
			path = AlamofireDemoUITests;
			sourceTree = "<group>";
		};
		69996BC720201FA000BE5F67 /* Base */ = {
			isa = PBXGroup;
			children = (
				69996BCA20201FE700BE5F67 /* DSBaseController.swift */,
				69996BCC2020200500BE5F67 /* DSNavigationController.swift */,
				69996BCE2020204300BE5F67 /* DSTabBarController.swift */,
			);
			path = Base;
			sourceTree = "<group>";
		};
		69996BE92022B56F00BE5F67 /* Modules */ = {
			isa = PBXGroup;
			children = (
				69996BEE2022B91000BE5F67 /* Profile */,
				69996BEC2022B62A00BE5F67 /* Home */,
			);
			path = Modules;
			sourceTree = "<group>";
		};
		69996BEA2022B59D00BE5F67 /* Utils */ = {
			isa = PBXGroup;
			children = (
				69996BD82020460B00BE5F67 /* DSConst.swift */,
				69996BDC2020585E00BE5F67 /* DSHttpManager.swift */,
				69996BD6202044E900BE5F67 /* DSConfig.swift */,
				69996C0E202457A900BE5F67 /* iShareHUD */,
				69996BEB2022B5D000BE5F67 /* Category */,
			);
			path = Utils;
			sourceTree = "<group>";
		};
		69996BEB2022B5D000BE5F67 /* Category */ = {
			isa = PBXGroup;
			children = (
				69996BF12022BA6000BE5F67 /* UINavigationController+FullscreenPopGesture.h */,
				69996BF22022BA6100BE5F67 /* UINavigationController+FullscreenPopGesture.m */,
				69996BE72021761800BE5F67 /* UITabBar+CustomBadge.h */,
				69996BE62021761800BE5F67 /* UITabBar+CustomBadge.m */,
				69996BD02020348F00BE5F67 /* UIColor+Extension.swift */,
				69996BD22020365B00BE5F67 /* UIView+Extension.swift */,
				69996BD42020404100BE5F67 /* UIFont+Extension.swift */,
				69996C032023F55100BE5F67 /* UIView+Loading.h */,
				69996C042023F55100BE5F67 /* UIView+Loading.m */,
				69996C062023F6AB00BE5F67 /* UIView+Block.h */,
				69996C072023F6AB00BE5F67 /* UIView+Block.m */,
				69996C092023F82400BE5F67 /* UIControl+Block.h */,
				69996C0A2023F82400BE5F67 /* UIControl+Block.m */,
				69306A9C202463B900BDFAC8 /* UIView+String.swift */,
				ABB5B5B62026DDB300430C7B /* NSError+Message.h */,
				ABB5B5B72026DDB300430C7B /* NSError+Message.m */,
			);
			path = Category;
			sourceTree = "<group>";
		};
		69996BEC2022B62A00BE5F67 /* Home */ = {
			isa = PBXGroup;
			children = (
				69996C1B20245F3000BE5F67 /* View */,
				69996BFC2023135000BE5F67 /* Model */,
				69996BF92023130000BE5F67 /* ViewModel */,
				69996BDE20206BC300BE5F67 /* DSPlayViewController.swift */,
				69996BEF2022B9D200BE5F67 /* DSHomeController.swift */,
				ABB5B5BF2026FF5C00430C7B /* DSPlayerController.swift */,
				ABB5B5C02026FF5C00430C7B /* DSPlayerController.xib */,
			);
			path = Home;
			sourceTree = "<group>";
		};
		69996BED2022B65300BE5F67 /* AppDelegate */ = {
			isa = PBXGroup;
			children = (
				69996B9720200BEC00BE5F67 /* AppDelegate.swift */,
			);
			path = AppDelegate;
			sourceTree = "<group>";
		};
		69996BEE2022B91000BE5F67 /* Profile */ = {
			isa = PBXGroup;
			children = (
				69996BF62022E66200BE5F67 /* View */,
				69996BF42022BC9A00BE5F67 /* DSProfileController.swift */,
			);
			path = Profile;
			sourceTree = "<group>";
		};
		69996BF62022E66200BE5F67 /* View */ = {
			isa = PBXGroup;
			children = (
				69996BF72022E68B00BE5F67 /* DSButton.swift */,
			);
			path = View;
			sourceTree = "<group>";
		};
		69996BF92023130000BE5F67 /* ViewModel */ = {
			isa = PBXGroup;
			children = (
				69996BFA2023133900BE5F67 /* DSMovieViewModel.swift */,
			);
			path = ViewModel;
			sourceTree = "<group>";
		};
		69996BFC2023135000BE5F67 /* Model */ = {
			isa = PBXGroup;
			children = (
				AB3682FD2026AFD7003408D7 /* DSActModel.swift */,
				AB3682FA2026AFD7003408D7 /* DSAdModel.swift */,
				AB3682F92026AFD6003408D7 /* DSAdmobModel.swift */,
				AB3682F82026AFD6003408D7 /* DSAlertModel.swift */,
				AB3682FB2026AFD7003408D7 /* DSBannerModel.swift */,
				AB3682FE2026AFD7003408D7 /* DSConfigModel.swift */,
				AB3682F72026AFD6003408D7 /* DSHomeModel.swift */,
				AB3682FC2026AFD7003408D7 /* DSKdsModel.swift */,
				AB3682FF2026AFD7003408D7 /* DSListModel.swift */,
				ABB5B5B92026ECEF00430C7B /* DSCategoryModel.swift */,
			);
			path = Model;
			sourceTree = "<group>";
		};
		69996C0E202457A900BE5F67 /* iShareHUD */ = {
			isa = PBXGroup;
			children = (
				69996C0F202457A900BE5F67 /* MBHUD.bundle */,
				69996C10202457A900BE5F67 /* MBProgressHUD+iShare.h */,
				69996C11202457A900BE5F67 /* MBProgressHUD+iShare.m */,
			);
			path = iShareHUD;
			sourceTree = "<group>";
		};
		69996C1B20245F3000BE5F67 /* View */ = {
			isa = PBXGroup;
			children = (
				69996C1720245F2A00BE5F67 /* DSHomeCell.swift */,
				69996C1820245F2A00BE5F67 /* DSHomeCell.xib */,
				ABB5B5BB2026F6FE00430C7B /* DSCategoryCell.swift */,
				ABB5B5BC2026F6FE00430C7B /* DSCategoryCell.xib */,
			);
			path = View;
			sourceTree = "<group>";
		};
		797A5E57F8E5A945CEA32F54 /* Frameworks */ = {
			isa = PBXGroup;
			children = (
				69996BC620200CA400BE5F67 /* Alamofire.framework */,
				2D8F35B9099E8CFAA5010748 /* Pods_AlamofireDemo.framework */,
				C1A6D93CFA99F28F17B1B189 /* Pods_AlamofireDemoTests.framework */,
				02FFE811888612B10F86AB41 /* Pods_AlamofireDemoUITests.framework */,
			);
			name = Frameworks;
			sourceTree = "<group>";
		};
		C8003B7A4E0534DC4A49CF5E /* Pods */ = {
			isa = PBXGroup;
			children = (
				BADD5F98529BFF0BD96D508C /* Pods-AlamofireDemo.debug.xcconfig */,
				D6A8A1822DA49079422A59FC /* Pods-AlamofireDemo.release.xcconfig */,
			);
			name = Pods;
			sourceTree = "<group>";
		};
/* End PBXGroup section */

/* Begin PBXNativeTarget section */
		69996B9320200BEC00BE5F67 /* AlamofireDemo */ = {
			isa = PBXNativeTarget;
			buildConfigurationList = 69996BBC20200BED00BE5F67 /* Build configuration list for PBXNativeTarget "AlamofireDemo" */;
			buildPhases = (
				B8DF8C46D94F9ADBF20495C2 /* [CP] Check Pods Manifest.lock */,
				69996B9020200BEC00BE5F67 /* Sources */,
				69996B9120200BEC00BE5F67 /* Frameworks */,
				69996B9220200BEC00BE5F67 /* Resources */,
				250097E1282399FC1FACEABF /* [CP] Embed Pods Frameworks */,
				1E6E88402DD918027D13887D /* [CP] Copy Pods Resources */,
			);
			buildRules = (
			);
			dependencies = (
			);
			name = AlamofireDemo;
			productName = AlamofireDemo;
			productReference = 69996B9420200BEC00BE5F67 /* AlamofireDemo.app */;
			productType = "com.apple.product-type.application";
		};
		69996BA720200BED00BE5F67 /* AlamofireDemoTests */ = {
			isa = PBXNativeTarget;
			buildConfigurationList = 69996BBF20200BED00BE5F67 /* Build configuration list for PBXNativeTarget "AlamofireDemoTests" */;
			buildPhases = (
				69996BA420200BED00BE5F67 /* Sources */,
				69996BA520200BED00BE5F67 /* Frameworks */,
				69996BA620200BED00BE5F67 /* Resources */,
			);
			buildRules = (
			);
			dependencies = (
				69996BAA20200BED00BE5F67 /* PBXTargetDependency */,
			);
			name = AlamofireDemoTests;
			productName = AlamofireDemoTests;
			productReference = 69996BA820200BED00BE5F67 /* AlamofireDemoTests.xctest */;
			productType = "com.apple.product-type.bundle.unit-test";
		};
		69996BB220200BED00BE5F67 /* AlamofireDemoUITests */ = {
			isa = PBXNativeTarget;
			buildConfigurationList = 69996BC220200BED00BE5F67 /* Build configuration list for PBXNativeTarget "AlamofireDemoUITests" */;
			buildPhases = (
				69996BAF20200BED00BE5F67 /* Sources */,
				69996BB020200BED00BE5F67 /* Frameworks */,
				69996BB120200BED00BE5F67 /* Resources */,
			);
			buildRules = (
			);
			dependencies = (
				69996BB520200BED00BE5F67 /* PBXTargetDependency */,
			);
			name = AlamofireDemoUITests;
			productName = AlamofireDemoUITests;
			productReference = 69996BB320200BED00BE5F67 /* AlamofireDemoUITests.xctest */;
			productType = "com.apple.product-type.bundle.ui-testing";
		};
/* End PBXNativeTarget section */

/* Begin PBXProject section */
		69996B8C20200BEC00BE5F67 /* Project object */ = {
			isa = PBXProject;
			attributes = {
				CLASSPREFIX = DS;
				LastSwiftUpdateCheck = 0920;
				LastUpgradeCheck = 0920;
				ORGANIZATIONNAME = Jay;
				TargetAttributes = {
					69996B9320200BEC00BE5F67 = {
						CreatedOnToolsVersion = 9.2;
						LastSwiftMigration = 0920;
						ProvisioningStyle = Automatic;
					};
					69996BA720200BED00BE5F67 = {
						CreatedOnToolsVersion = 9.2;
						ProvisioningStyle = Automatic;
						TestTargetID = 69996B9320200BEC00BE5F67;
					};
					69996BB220200BED00BE5F67 = {
						CreatedOnToolsVersion = 9.2;
						ProvisioningStyle = Automatic;
						TestTargetID = 69996B9320200BEC00BE5F67;
					};
				};
			};
			buildConfigurationList = 69996B8F20200BEC00BE5F67 /* Build configuration list for PBXProject "AlamofireDemo" */;
			compatibilityVersion = "Xcode 8.0";
			developmentRegion = en;
			hasScannedForEncodings = 0;
			knownRegions = (
				en,
				Base,
			);
			mainGroup = 69996B8B20200BEC00BE5F67;
			productRefGroup = 69996B9520200BEC00BE5F67 /* Products */;
			projectDirPath = "";
			projectRoot = "";
			targets = (
				69996B9320200BEC00BE5F67 /* AlamofireDemo */,
				69996BA720200BED00BE5F67 /* AlamofireDemoTests */,
				69996BB220200BED00BE5F67 /* AlamofireDemoUITests */,
			);
		};
/* End PBXProject section */

/* Begin PBXResourcesBuildPhase section */
		69996B9220200BEC00BE5F67 /* Resources */ = {
			isa = PBXResourcesBuildPhase;
			buildActionMask = 2147483647;
			files = (
				69996C14202457A900BE5F67 /* MBHUD.bundle in Resources */,
				69996BA220200BED00BE5F67 /* LaunchScreen.storyboard in Resources */,
				69996B9F20200BEC00BE5F67 /* Assets.xcassets in Resources */,
				ABB5B5C22026FF5C00430C7B /* DSPlayerController.xib in Resources */,
				69996C1A20245F2A00BE5F67 /* DSHomeCell.xib in Resources */,
				ABB5B5BE2026F6FE00430C7B /* DSCategoryCell.xib in Resources */,
				69996B9D20200BEC00BE5F67 /* Main.storyboard in Resources */,
			);
			runOnlyForDeploymentPostprocessing = 0;
		};
		69996BA620200BED00BE5F67 /* Resources */ = {
			isa = PBXResourcesBuildPhase;
			buildActionMask = 2147483647;
			files = (
			);
			runOnlyForDeploymentPostprocessing = 0;
		};
		69996BB120200BED00BE5F67 /* Resources */ = {
			isa = PBXResourcesBuildPhase;
			buildActionMask = 2147483647;
			files = (
			);
			runOnlyForDeploymentPostprocessing = 0;
		};
/* End PBXResourcesBuildPhase section */

/* Begin PBXShellScriptBuildPhase section */
		1E6E88402DD918027D13887D /* [CP] Copy Pods Resources */ = {
			isa = PBXShellScriptBuildPhase;
			buildActionMask = 2147483647;
			files = (
			);
			inputPaths = (
			);
			name = "[CP] Copy Pods Resources";
			outputPaths = (
			);
			runOnlyForDeploymentPostprocessing = 0;
			shellPath = /bin/sh;
			shellScript = "\"${SRCROOT}/Pods/Target Support Files/Pods-AlamofireDemo/Pods-AlamofireDemo-resources.sh\"\n";
			showEnvVarsInLog = 0;
		};
		250097E1282399FC1FACEABF /* [CP] Embed Pods Frameworks */ = {
			isa = PBXShellScriptBuildPhase;
			buildActionMask = 2147483647;
			files = (
			);
			inputPaths = (
				"${SRCROOT}/Pods/Target Support Files/Pods-AlamofireDemo/Pods-AlamofireDemo-frameworks.sh",
				"${BUILT_PRODUCTS_DIR}/Alamofire/Alamofire.framework",
				"${BUILT_PRODUCTS_DIR}/HandyJSON/HandyJSON.framework",
				"${BUILT_PRODUCTS_DIR}/Kingfisher/Kingfisher.framework",
				"${BUILT_PRODUCTS_DIR}/MBProgressHUD/MBProgressHUD.framework",
				"${BUILT_PRODUCTS_DIR}/SDCycleScrollView/SDCycleScrollView.framework",
				"${BUILT_PRODUCTS_DIR}/SDWebImage/SDWebImage.framework",
				"${BUILT_PRODUCTS_DIR}/SnapKit/SnapKit.framework",
				"${BUILT_PRODUCTS_DIR}/SwiftyJSON/SwiftyJSON.framework",
				"${BUILT_PRODUCTS_DIR}/TFHpple/TFHpple.framework",
			);
			name = "[CP] Embed Pods Frameworks";
			outputPaths = (
				"${TARGET_BUILD_DIR}/${FRAMEWORKS_FOLDER_PATH}/Alamofire.framework",
				"${TARGET_BUILD_DIR}/${FRAMEWORKS_FOLDER_PATH}/HandyJSON.framework",
				"${TARGET_BUILD_DIR}/${FRAMEWORKS_FOLDER_PATH}/Kingfisher.framework",
				"${TARGET_BUILD_DIR}/${FRAMEWORKS_FOLDER_PATH}/MBProgressHUD.framework",
				"${TARGET_BUILD_DIR}/${FRAMEWORKS_FOLDER_PATH}/SDCycleScrollView.framework",
				"${TARGET_BUILD_DIR}/${FRAMEWORKS_FOLDER_PATH}/SDWebImage.framework",
				"${TARGET_BUILD_DIR}/${FRAMEWORKS_FOLDER_PATH}/SnapKit.framework",
				"${TARGET_BUILD_DIR}/${FRAMEWORKS_FOLDER_PATH}/SwiftyJSON.framework",
				"${TARGET_BUILD_DIR}/${FRAMEWORKS_FOLDER_PATH}/TFHpple.framework",
			);
			runOnlyForDeploymentPostprocessing = 0;
			shellPath = /bin/sh;
			shellScript = "\"${SRCROOT}/Pods/Target Support Files/Pods-AlamofireDemo/Pods-AlamofireDemo-frameworks.sh\"\n";
			showEnvVarsInLog = 0;
		};
		B8DF8C46D94F9ADBF20495C2 /* [CP] Check Pods Manifest.lock */ = {
			isa = PBXShellScriptBuildPhase;
			buildActionMask = 2147483647;
			files = (
			);
			inputPaths = (
				"${PODS_PODFILE_DIR_PATH}/Podfile.lock",
				"${PODS_ROOT}/Manifest.lock",
			);
			name = "[CP] Check Pods Manifest.lock";
			outputPaths = (
				"$(DERIVED_FILE_DIR)/Pods-AlamofireDemo-checkManifestLockResult.txt",
			);
			runOnlyForDeploymentPostprocessing = 0;
			shellPath = /bin/sh;
			shellScript = "diff \"${PODS_ROOT}/../Podfile.lock\" \"${PODS_ROOT}/Manifest.lock\" > /dev/null\nif [ $? != 0 ] ; then\n    # print error to STDERR\n    echo \"error: The sandbox is not in sync with the Podfile.lock. Run 'pod install' or update your CocoaPods installation.\" >&2\n    exit 1\nfi\n";
			showEnvVarsInLog = 0;
		};
/* End PBXShellScriptBuildPhase section */

/* Begin PBXSourcesBuildPhase section */
		69996B9020200BEC00BE5F67 /* Sources */ = {
			isa = PBXSourcesBuildPhase;
			buildActionMask = 2147483647;
			files = (
				69996C082023F6AB00BE5F67 /* UIView+Block.m in Sources */,
				AB3683062026AFD7003408D7 /* DSActModel.swift in Sources */,
				AB3683012026AFD7003408D7 /* DSAlertModel.swift in Sources */,
				AB3683022026AFD7003408D7 /* DSAdmobModel.swift in Sources */,
				AB3683052026AFD7003408D7 /* DSKdsModel.swift in Sources */,
				69996BCB20201FE700BE5F67 /* DSBaseController.swift in Sources */,
				ABB5B5BA2026ECEF00430C7B /* DSCategoryModel.swift in Sources */,
				69996BFB2023133900BE5F67 /* DSMovieViewModel.swift in Sources */,
				69996BF52022BC9A00BE5F67 /* DSProfileController.swift in Sources */,
				69996BDF20206BC300BE5F67 /* DSPlayViewController.swift in Sources */,
				69306A9D202463B900BDFAC8 /* UIView+String.swift in Sources */,
				69996BD32020365B00BE5F67 /* UIView+Extension.swift in Sources */,
				AB3683072026AFD7003408D7 /* DSConfigModel.swift in Sources */,
				ABB5B5B82026DDB300430C7B /* NSError+Message.m in Sources */,
				69996B9A20200BEC00BE5F67 /* ViewController.swift in Sources */,
				69996BCD2020200500BE5F67 /* DSNavigationController.swift in Sources */,
				69996BD12020348F00BE5F67 /* UIColor+Extension.swift in Sources */,
				69996BF32022BA6100BE5F67 /* UINavigationController+FullscreenPopGesture.m in Sources */,
				AB3683002026AFD7003408D7 /* DSHomeModel.swift in Sources */,
				AB3683032026AFD7003408D7 /* DSAdModel.swift in Sources */,
				AB3683082026AFD7003408D7 /* DSListModel.swift in Sources */,
				69996C15202457A900BE5F67 /* MBProgressHUD+iShare.m in Sources */,
				69996BD7202044E900BE5F67 /* DSConfig.swift in Sources */,
				69996BCF2020204300BE5F67 /* DSTabBarController.swift in Sources */,
				AB3683042026AFD7003408D7 /* DSBannerModel.swift in Sources */,
				69996BD92020460B00BE5F67 /* DSConst.swift in Sources */,
				69996C1920245F2A00BE5F67 /* DSHomeCell.swift in Sources */,
				69996BE82021761800BE5F67 /* UITabBar+CustomBadge.m in Sources */,
				69996BDD2020585E00BE5F67 /* DSHttpManager.swift in Sources */,
				69996BD52020404100BE5F67 /* UIFont+Extension.swift in Sources */,
				ABB5B5C12026FF5C00430C7B /* DSPlayerController.swift in Sources */,
				ABB5B5BD2026F6FE00430C7B /* DSCategoryCell.swift in Sources */,
				69996C052023F55100BE5F67 /* UIView+Loading.m in Sources */,
				69996BF02022B9D200BE5F67 /* DSHomeController.swift in Sources */,
				69996BF82022E68B00BE5F67 /* DSButton.swift in Sources */,
				69996B9820200BEC00BE5F67 /* AppDelegate.swift in Sources */,
				69996C0B2023F82400BE5F67 /* UIControl+Block.m in Sources */,
			);
			runOnlyForDeploymentPostprocessing = 0;
		};
		69996BA420200BED00BE5F67 /* Sources */ = {
			isa = PBXSourcesBuildPhase;
			buildActionMask = 2147483647;
			files = (
				69996BAD20200BED00BE5F67 /* AlamofireDemoTests.swift in Sources */,
			);
			runOnlyForDeploymentPostprocessing = 0;
		};
		69996BAF20200BED00BE5F67 /* Sources */ = {
			isa = PBXSourcesBuildPhase;
			buildActionMask = 2147483647;
			files = (
				69996BB820200BED00BE5F67 /* AlamofireDemoUITests.swift in Sources */,
			);
			runOnlyForDeploymentPostprocessing = 0;
		};
/* End PBXSourcesBuildPhase section */

/* Begin PBXTargetDependency section */
		69996BAA20200BED00BE5F67 /* PBXTargetDependency */ = {
			isa = PBXTargetDependency;
			target = 69996B9320200BEC00BE5F67 /* AlamofireDemo */;
			targetProxy = 69996BA920200BED00BE5F67 /* PBXContainerItemProxy */;
		};
		69996BB520200BED00BE5F67 /* PBXTargetDependency */ = {
			isa = PBXTargetDependency;
			target = 69996B9320200BEC00BE5F67 /* AlamofireDemo */;
			targetProxy = 69996BB420200BED00BE5F67 /* PBXContainerItemProxy */;
		};
/* End PBXTargetDependency section */

/* Begin PBXVariantGroup section */
		69996B9B20200BEC00BE5F67 /* Main.storyboard */ = {
			isa = PBXVariantGroup;
			children = (
				69996B9C20200BEC00BE5F67 /* Base */,
			);
			name = Main.storyboard;
			sourceTree = "<group>";
		};
		69996BA020200BED00BE5F67 /* LaunchScreen.storyboard */ = {
			isa = PBXVariantGroup;
			children = (
				69996BA120200BED00BE5F67 /* Base */,
			);
			name = LaunchScreen.storyboard;
			sourceTree = "<group>";
		};
/* End PBXVariantGroup section */

/* Begin XCBuildConfiguration section */
		69996BBA20200BED00BE5F67 /* Debug */ = {
			isa = XCBuildConfiguration;
			buildSettings = {
				ALWAYS_SEARCH_USER_PATHS = NO;
				CLANG_ANALYZER_NONNULL = YES;
				CLANG_ANALYZER_NUMBER_OBJECT_CONVERSION = YES_AGGRESSIVE;
				CLANG_CXX_LANGUAGE_STANDARD = "gnu++14";
				CLANG_CXX_LIBRARY = "libc++";
				CLANG_ENABLE_MODULES = YES;
				CLANG_ENABLE_OBJC_ARC = YES;
				CLANG_WARN_BLOCK_CAPTURE_AUTORELEASING = YES;
				CLANG_WARN_BOOL_CONVERSION = YES;
				CLANG_WARN_COMMA = YES;
				CLANG_WARN_CONSTANT_CONVERSION = YES;
				CLANG_WARN_DIRECT_OBJC_ISA_USAGE = YES_ERROR;
				CLANG_WARN_DOCUMENTATION_COMMENTS = YES;
				CLANG_WARN_EMPTY_BODY = YES;
				CLANG_WARN_ENUM_CONVERSION = YES;
				CLANG_WARN_INFINITE_RECURSION = YES;
				CLANG_WARN_INT_CONVERSION = YES;
				CLANG_WARN_NON_LITERAL_NULL_CONVERSION = YES;
				CLANG_WARN_OBJC_LITERAL_CONVERSION = YES;
				CLANG_WARN_OBJC_ROOT_CLASS = YES_ERROR;
				CLANG_WARN_RANGE_LOOP_ANALYSIS = YES;
				CLANG_WARN_STRICT_PROTOTYPES = YES;
				CLANG_WARN_SUSPICIOUS_MOVE = YES;
				CLANG_WARN_UNGUARDED_AVAILABILITY = YES_AGGRESSIVE;
				CLANG_WARN_UNREACHABLE_CODE = YES;
				CLANG_WARN__DUPLICATE_METHOD_MATCH = YES;
				CODE_SIGN_IDENTITY = "iPhone Developer";
				COPY_PHASE_STRIP = NO;
				DEBUG_INFORMATION_FORMAT = dwarf;
				ENABLE_STRICT_OBJC_MSGSEND = YES;
				ENABLE_TESTABILITY = YES;
				GCC_C_LANGUAGE_STANDARD = gnu11;
				GCC_DYNAMIC_NO_PIC = NO;
				GCC_NO_COMMON_BLOCKS = YES;
				GCC_OPTIMIZATION_LEVEL = 0;
				GCC_PREPROCESSOR_DEFINITIONS = (
					"DEBUG=1",
					"$(inherited)",
				);
				GCC_WARN_64_TO_32_BIT_CONVERSION = YES;
				GCC_WARN_ABOUT_RETURN_TYPE = YES_ERROR;
				GCC_WARN_UNDECLARED_SELECTOR = YES;
				GCC_WARN_UNINITIALIZED_AUTOS = YES_AGGRESSIVE;
				GCC_WARN_UNUSED_FUNCTION = YES;
				GCC_WARN_UNUSED_VARIABLE = YES;
				IPHONEOS_DEPLOYMENT_TARGET = 9.0;
				MTL_ENABLE_DEBUG_INFO = YES;
				ONLY_ACTIVE_ARCH = YES;
				SDKROOT = iphoneos;
				SWIFT_ACTIVE_COMPILATION_CONDITIONS = DEBUG;
				SWIFT_OPTIMIZATION_LEVEL = "-Onone";
			};
			name = Debug;
		};
		69996BBB20200BED00BE5F67 /* Release */ = {
			isa = XCBuildConfiguration;
			buildSettings = {
				ALWAYS_SEARCH_USER_PATHS = NO;
				CLANG_ANALYZER_NONNULL = YES;
				CLANG_ANALYZER_NUMBER_OBJECT_CONVERSION = YES_AGGRESSIVE;
				CLANG_CXX_LANGUAGE_STANDARD = "gnu++14";
				CLANG_CXX_LIBRARY = "libc++";
				CLANG_ENABLE_MODULES = YES;
				CLANG_ENABLE_OBJC_ARC = YES;
				CLANG_WARN_BLOCK_CAPTURE_AUTORELEASING = YES;
				CLANG_WARN_BOOL_CONVERSION = YES;
				CLANG_WARN_COMMA = YES;
				CLANG_WARN_CONSTANT_CONVERSION = YES;
				CLANG_WARN_DIRECT_OBJC_ISA_USAGE = YES_ERROR;
				CLANG_WARN_DOCUMENTATION_COMMENTS = YES;
				CLANG_WARN_EMPTY_BODY = YES;
				CLANG_WARN_ENUM_CONVERSION = YES;
				CLANG_WARN_INFINITE_RECURSION = YES;
				CLANG_WARN_INT_CONVERSION = YES;
				CLANG_WARN_NON_LITERAL_NULL_CONVERSION = YES;
				CLANG_WARN_OBJC_LITERAL_CONVERSION = YES;
				CLANG_WARN_OBJC_ROOT_CLASS = YES_ERROR;
				CLANG_WARN_RANGE_LOOP_ANALYSIS = YES;
				CLANG_WARN_STRICT_PROTOTYPES = YES;
				CLANG_WARN_SUSPICIOUS_MOVE = YES;
				CLANG_WARN_UNGUARDED_AVAILABILITY = YES_AGGRESSIVE;
				CLANG_WARN_UNREACHABLE_CODE = YES;
				CLANG_WARN__DUPLICATE_METHOD_MATCH = YES;
				CODE_SIGN_IDENTITY = "iPhone Developer";
				COPY_PHASE_STRIP = NO;
				DEBUG_INFORMATION_FORMAT = "dwarf-with-dsym";
				ENABLE_NS_ASSERTIONS = NO;
				ENABLE_STRICT_OBJC_MSGSEND = YES;
				GCC_C_LANGUAGE_STANDARD = gnu11;
				GCC_NO_COMMON_BLOCKS = YES;
				GCC_WARN_64_TO_32_BIT_CONVERSION = YES;
				GCC_WARN_ABOUT_RETURN_TYPE = YES_ERROR;
				GCC_WARN_UNDECLARED_SELECTOR = YES;
				GCC_WARN_UNINITIALIZED_AUTOS = YES_AGGRESSIVE;
				GCC_WARN_UNUSED_FUNCTION = YES;
				GCC_WARN_UNUSED_VARIABLE = YES;
				IPHONEOS_DEPLOYMENT_TARGET = 9.0;
				MTL_ENABLE_DEBUG_INFO = NO;
				SDKROOT = iphoneos;
				SWIFT_OPTIMIZATION_LEVEL = "-Owholemodule";
				VALIDATE_PRODUCT = YES;
			};
			name = Release;
		};
		69996BBD20200BED00BE5F67 /* Debug */ = {
			isa = XCBuildConfiguration;
			baseConfigurationReference = BADD5F98529BFF0BD96D508C /* Pods-AlamofireDemo.debug.xcconfig */;
			buildSettings = {
				ASSETCATALOG_COMPILER_APPICON_NAME = AppIcon;
				CLANG_ENABLE_MODULES = YES;
				CODE_SIGN_STYLE = Automatic;
				INFOPLIST_FILE = AlamofireDemo/Info.plist;
				IPHONEOS_DEPLOYMENT_TARGET = 9.0;
				LD_RUNPATH_SEARCH_PATHS = "$(inherited) @executable_path/Frameworks";
				PRODUCT_BUNDLE_IDENTIFIER = com.AlamofireDemo;
				PRODUCT_NAME = "$(TARGET_NAME)";
				SWIFT_OBJC_BRIDGING_HEADER = "AlamofireDemo/AlamofireDemo-Bridging-Header.h";
				SWIFT_OPTIMIZATION_LEVEL = "-Onone";
				SWIFT_VERSION = 4.0;
				TARGETED_DEVICE_FAMILY = "1,2";
			};
			name = Debug;
		};
		69996BBE20200BED00BE5F67 /* Release */ = {
			isa = XCBuildConfiguration;
			baseConfigurationReference = D6A8A1822DA49079422A59FC /* Pods-AlamofireDemo.release.xcconfig */;
			buildSettings = {
				ASSETCATALOG_COMPILER_APPICON_NAME = AppIcon;
				CLANG_ENABLE_MODULES = YES;
				CODE_SIGN_STYLE = Automatic;
				INFOPLIST_FILE = AlamofireDemo/Info.plist;
				IPHONEOS_DEPLOYMENT_TARGET = 9.0;
				LD_RUNPATH_SEARCH_PATHS = "$(inherited) @executable_path/Frameworks";
				PRODUCT_BUNDLE_IDENTIFIER = com.AlamofireDemo;
				PRODUCT_NAME = "$(TARGET_NAME)";
				SWIFT_OBJC_BRIDGING_HEADER = "AlamofireDemo/AlamofireDemo-Bridging-Header.h";
				SWIFT_VERSION = 4.0;
				TARGETED_DEVICE_FAMILY = "1,2";
			};
			name = Release;
		};
		69996BC020200BED00BE5F67 /* Debug */ = {
			isa = XCBuildConfiguration;
			buildSettings = {
				ALWAYS_EMBED_SWIFT_STANDARD_LIBRARIES = YES;
				BUNDLE_LOADER = "$(TEST_HOST)";
				CODE_SIGN_STYLE = Automatic;
				INFOPLIST_FILE = AlamofireDemoTests/Info.plist;
				LD_RUNPATH_SEARCH_PATHS = "$(inherited) @executable_path/Frameworks @loader_path/Frameworks";
				PRODUCT_BUNDLE_IDENTIFIER = com.AlamofireDemoTests;
				PRODUCT_NAME = "$(TARGET_NAME)";
				SWIFT_VERSION = 4.0;
				TARGETED_DEVICE_FAMILY = "1,2";
				TEST_HOST = "$(BUILT_PRODUCTS_DIR)/AlamofireDemo.app/AlamofireDemo";
			};
			name = Debug;
		};
		69996BC120200BED00BE5F67 /* Release */ = {
			isa = XCBuildConfiguration;
			buildSettings = {
				ALWAYS_EMBED_SWIFT_STANDARD_LIBRARIES = YES;
				BUNDLE_LOADER = "$(TEST_HOST)";
				CODE_SIGN_STYLE = Automatic;
				INFOPLIST_FILE = AlamofireDemoTests/Info.plist;
				LD_RUNPATH_SEARCH_PATHS = "$(inherited) @executable_path/Frameworks @loader_path/Frameworks";
				PRODUCT_BUNDLE_IDENTIFIER = com.AlamofireDemoTests;
				PRODUCT_NAME = "$(TARGET_NAME)";
				SWIFT_VERSION = 4.0;
				TARGETED_DEVICE_FAMILY = "1,2";
				TEST_HOST = "$(BUILT_PRODUCTS_DIR)/AlamofireDemo.app/AlamofireDemo";
			};
			name = Release;
		};
		69996BC320200BED00BE5F67 /* Debug */ = {
			isa = XCBuildConfiguration;
			buildSettings = {
				ALWAYS_EMBED_SWIFT_STANDARD_LIBRARIES = YES;
				CODE_SIGN_STYLE = Automatic;
				INFOPLIST_FILE = AlamofireDemoUITests/Info.plist;
				LD_RUNPATH_SEARCH_PATHS = "$(inherited) @executable_path/Frameworks @loader_path/Frameworks";
				PRODUCT_BUNDLE_IDENTIFIER = com.AlamofireDemoUITests;
				PRODUCT_NAME = "$(TARGET_NAME)";
				SWIFT_VERSION = 4.0;
				TARGETED_DEVICE_FAMILY = "1,2";
				TEST_TARGET_NAME = AlamofireDemo;
			};
			name = Debug;
		};
		69996BC420200BED00BE5F67 /* Release */ = {
			isa = XCBuildConfiguration;
			buildSettings = {
				ALWAYS_EMBED_SWIFT_STANDARD_LIBRARIES = YES;
				CODE_SIGN_STYLE = Automatic;
				INFOPLIST_FILE = AlamofireDemoUITests/Info.plist;
				LD_RUNPATH_SEARCH_PATHS = "$(inherited) @executable_path/Frameworks @loader_path/Frameworks";
				PRODUCT_BUNDLE_IDENTIFIER = com.AlamofireDemoUITests;
				PRODUCT_NAME = "$(TARGET_NAME)";
				SWIFT_VERSION = 4.0;
				TARGETED_DEVICE_FAMILY = "1,2";
				TEST_TARGET_NAME = AlamofireDemo;
			};
			name = Release;
		};
/* End XCBuildConfiguration section */

/* Begin XCConfigurationList section */
		69996B8F20200BEC00BE5F67 /* Build configuration list for PBXProject "AlamofireDemo" */ = {
			isa = XCConfigurationList;
			buildConfigurations = (
				69996BBA20200BED00BE5F67 /* Debug */,
				69996BBB20200BED00BE5F67 /* Release */,
			);
			defaultConfigurationIsVisible = 0;
			defaultConfigurationName = Release;
		};
		69996BBC20200BED00BE5F67 /* Build configuration list for PBXNativeTarget "AlamofireDemo" */ = {
			isa = XCConfigurationList;
			buildConfigurations = (
				69996BBD20200BED00BE5F67 /* Debug */,
				69996BBE20200BED00BE5F67 /* Release */,
			);
			defaultConfigurationIsVisible = 0;
			defaultConfigurationName = Release;
		};
		69996BBF20200BED00BE5F67 /* Build configuration list for PBXNativeTarget "AlamofireDemoTests" */ = {
			isa = XCConfigurationList;
			buildConfigurations = (
				69996BC020200BED00BE5F67 /* Debug */,
				69996BC120200BED00BE5F67 /* Release */,
			);
			defaultConfigurationIsVisible = 0;
			defaultConfigurationName = Release;
		};
		69996BC220200BED00BE5F67 /* Build configuration list for PBXNativeTarget "AlamofireDemoUITests" */ = {
			isa = XCConfigurationList;
			buildConfigurations = (
				69996BC320200BED00BE5F67 /* Debug */,
				69996BC420200BED00BE5F67 /* Release */,
			);
			defaultConfigurationIsVisible = 0;
			defaultConfigurationName = Release;
		};
/* End XCConfigurationList section */
	};
	rootObject = 69996B8C20200BEC00BE5F67 /* Project object */;
}
